
Microsoft Visual Studio Solution File, Format Version 12.00
# Visual Studio Version 16
VisualStudioVersion = 16.0.34114.132
MinimumVisualStudioVersion = 10.0.40219.1
Project("{FAE04EC0-301F-11D3-BF4B-00C04F79EFBC}") = "HelloGeneric", "HelloGeneric\HelloGeneric.csproj", "{C1B15E71-2670-4094-A568-70B4E280C41E}"
EndProject
Project("{FAE04EC0-301F-11D3-BF4B-00C04F79EFBC}") = "HelloGeneric2", "HelloGeneric2\HelloGeneric2.csproj", "{27BF4A58-0127-4CBE-9BCB-F1FB47B6D677}"
EndProject
Global
	GlobalSection(SolutionConfigurationPlatforms) = preSolution
		Debug|Any CPU = Debug|Any CPU
		Release|Any CPU = Release|Any CPU
	EndGlobalSection
	GlobalSection(ProjectConfigurationPlatforms) = postSolution
		{C1B15E71-2670-4094-A568-70B4E280C41E}.Debug|Any CPU.ActiveCfg = Debug|Any CPU
		{C1B15E71-2670-4094-A568-70B4E280C41E}.Debug|Any CPU.Build.0 = Debug|Any CPU
		{C1B15E71-2670-4094-A568-70B4E280C41E}.Release|Any CPU.ActiveCfg = Release|Any CPU
		{C1B15E71-2670-4094-A568-70B4E280C41E}.Release|Any CPU.Build.0 = Release|Any CPU
		{27BF4A58-0127-4CBE-9BCB-F1FB47B6D677}.Debug|Any CPU.ActiveCfg = Debug|Any CPU
		{27BF4A58-0127-4CBE-9BCB-F1FB47B6D677}.Debug|Any CPU.Build.0 = Debug|Any CPU
		{27BF4A58-0127-4CBE-9BCB-F1FB47B6D677}.Release|Any CPU.ActiveCfg = Release|Any CPU
		{27BF4A58-0127-4CBE-9BCB-F1FB47B6D677}.Release|Any CPU.Build.0 = Release|Any CPU
	EndGlobalSection
	GlobalSection(SolutionProperties) = preSolution
		HideSolutionNode = FALSE
	EndGlobalSection
	GlobalSection(ExtensibilityGlobals) = postSolution
		SolutionGuid = {F3CDDB8E-BF58-4E46-A4E2-FEB270651769}
	EndGlobalSection
EndGlobal
